
Microsoft Visual Studio Solution File, Format Version 12.00
# Visual Studio Version 17
VisualStudioVersion = 17.9.34714.143
MinimumVisualStudioVersion = 10.0.40219.1
Project("{FAE04EC0-301F-11D3-BF4B-00C04F79EFBC}") = "SaleWebMvc", "SaleWebMvc\SaleWebMvc.csproj", "{1B67A8DE-E67A-404A-88C2-9EBBEEB671E5}"
EndProject
Global
	GlobalSection(SolutionConfigurationPlatforms) = preSolution
		Debug|Any CPU = Debug|Any CPU
		Release|Any CPU = Release|Any CPU
	EndGlobalSection
	GlobalSection(ProjectConfigurationPlatforms) = postSolution
		{1B67A8DE-E67A-404A-88C2-9EBBEEB671E5}.Debug|Any CPU.ActiveCfg = Debug|Any CPU
		{1B67A8DE-E67A-404A-88C2-9EBBEEB671E5}.Debug|Any CPU.Build.0 = Debug|Any CPU
		{1B67A8DE-E67A-404A-88C2-9EBBEEB671E5}.Release|Any CPU.ActiveCfg = Release|Any CPU
		{1B67A8DE-E67A-404A-88C2-9EBBEEB671E5}.Release|Any CPU.Build.0 = Release|Any CPU
	EndGlobalSection
	GlobalSection(SolutionProperties) = preSolution
		HideSolutionNode = FALSE
	EndGlobalSection
	GlobalSection(ExtensibilityGlobals) = postSolution
		SolutionGuid = {1D4EAC13-98A6-40EB-AD4B-22DD0F146659}
	EndGlobalSection
EndGlobal
